
Microsoft Visual Studio Solution File, Format Version 12.00
# Visual Studio Version 16
VisualStudioVersion = 16.0.29926.136
MinimumVisualStudioVersion = 10.0.40219.1
Project("{2150E333-8FDC-42A3-9474-1A3956D46DE8}") = "1 - Web", "1 - Web", "{C4BA7C40-2C06-46B8-A6E8-BF65675BDBA5}"
EndProject
Project("{FAE04EC0-301F-11D3-BF4B-00C04F79EFBC}") = "Lancy.Dev.Web", "src\Lancy.Dev.Web\Lancy.Dev.Web.csproj", "{00D947C0-D956-4516-B936-D244B8194C0E}"
EndProject
Project("{2150E333-8FDC-42A3-9474-1A3956D46DE8}") = "2 - Business", "2 - Business", "{1058C316-278B-4EDB-B773-AFF2D7EA69E3}"
EndProject
Project("{FAE04EC0-301F-11D3-BF4B-00C04F79EFBC}") = "Lancy.Dev.Business", "src\Lancy.DevBusiness\Lancy.Dev.Business.csproj", "{EC609E3A-16E0-42DF-92DE-C7E8B5F78EC6}"
EndProject
Project("{2150E333-8FDC-42A3-9474-1A3956D46DE8}") = "3 - Data", "3 - Data", "{4FE6718C-0238-4345-BE6E-2A161100E111}"
EndProject
Project("{FAE04EC0-301F-11D3-BF4B-00C04F79EFBC}") = "Lancy.Dev.Data", "src\Lancy.Dev.Data\Lancy.Dev.Data.csproj", "{4EF81D15-CC74-4284-AE44-81266D82A5AB}"
EndProject
Global
	GlobalSection(SolutionConfigurationPlatforms) = preSolution
		Debug|Any CPU = Debug|Any CPU
		Release|Any CPU = Release|Any CPU
	EndGlobalSection
	GlobalSection(ProjectConfigurationPlatforms) = postSolution
		{00D947C0-D956-4516-B936-D244B8194C0E}.Debug|Any CPU.ActiveCfg = Debug|Any CPU
		{00D947C0-D956-4516-B936-D244B8194C0E}.Debug|Any CPU.Build.0 = Debug|Any CPU
		{00D947C0-D956-4516-B936-D244B8194C0E}.Release|Any CPU.ActiveCfg = Release|Any CPU
		{00D947C0-D956-4516-B936-D244B8194C0E}.Release|Any CPU.Build.0 = Release|Any CPU
		{EC609E3A-16E0-42DF-92DE-C7E8B5F78EC6}.Debug|Any CPU.ActiveCfg = Debug|Any CPU
		{EC609E3A-16E0-42DF-92DE-C7E8B5F78EC6}.Debug|Any CPU.Build.0 = Debug|Any CPU
		{EC609E3A-16E0-42DF-92DE-C7E8B5F78EC6}.Release|Any CPU.ActiveCfg = Release|Any CPU
		{EC609E3A-16E0-42DF-92DE-C7E8B5F78EC6}.Release|Any CPU.Build.0 = Release|Any CPU
		{4EF81D15-CC74-4284-AE44-81266D82A5AB}.Debug|Any CPU.ActiveCfg = Debug|Any CPU
		{4EF81D15-CC74-4284-AE44-81266D82A5AB}.Debug|Any CPU.Build.0 = Debug|Any CPU
		{4EF81D15-CC74-4284-AE44-81266D82A5AB}.Release|Any CPU.ActiveCfg = Release|Any CPU
		{4EF81D15-CC74-4284-AE44-81266D82A5AB}.Release|Any CPU.Build.0 = Release|Any CPU
	EndGlobalSection
	GlobalSection(SolutionProperties) = preSolution
		HideSolutionNode = FALSE
	EndGlobalSection
	GlobalSection(NestedProjects) = preSolution
		{00D947C0-D956-4516-B936-D244B8194C0E} = {C4BA7C40-2C06-46B8-A6E8-BF65675BDBA5}
		{EC609E3A-16E0-42DF-92DE-C7E8B5F78EC6} = {1058C316-278B-4EDB-B773-AFF2D7EA69E3}
		{4EF81D15-CC74-4284-AE44-81266D82A5AB} = {4FE6718C-0238-4345-BE6E-2A161100E111}
	EndGlobalSection
	GlobalSection(ExtensibilityGlobals) = postSolution
		SolutionGuid = {DA4EF733-96B0-475D-B236-322FD819D661}
	EndGlobalSection
EndGlobal
